
Microsoft Visual Studio Solution File, Format Version 12.00
# Visual Studio Version 17
VisualStudioVersion = 17.5.002.0
MinimumVisualStudioVersion = 10.0.40219.1
Project("{9A19103F-16F7-4668-BE54-9A1E7A4F7556}") = "BetApp.Web", "BetApp.Web.csproj", "{0090EA3A-5E94-4D24-B7B9-5FA8D7C5A513}"
EndProject
Global
	GlobalSection(SolutionConfigurationPlatforms) = preSolution
		Debug|Any CPU = Debug|Any CPU
		Release|Any CPU = Release|Any CPU
	EndGlobalSection
	GlobalSection(ProjectConfigurationPlatforms) = postSolution
		{0090EA3A-5E94-4D24-B7B9-5FA8D7C5A513}.Debug|Any CPU.ActiveCfg = Debug|Any CPU
		{0090EA3A-5E94-4D24-B7B9-5FA8D7C5A513}.Debug|Any CPU.Build.0 = Debug|Any CPU
		{0090EA3A-5E94-4D24-B7B9-5FA8D7C5A513}.Release|Any CPU.ActiveCfg = Release|Any CPU
		{0090EA3A-5E94-4D24-B7B9-5FA8D7C5A513}.Release|Any CPU.Build.0 = Release|Any CPU
	EndGlobalSection
	GlobalSection(SolutionProperties) = preSolution
		HideSolutionNode = FALSE
	EndGlobalSection
	GlobalSection(ExtensibilityGlobals) = postSolution
		SolutionGuid = {ABD81DA3-658C-4F82-BEC9-17AFC4DA07D6}
	EndGlobalSection
EndGlobal
